
Microsoft Visual Studio Solution File, Format Version 12.00
# Visual Studio Version 17
VisualStudioVersion = 17.8.34525.116
MinimumVisualStudioVersion = 10.0.40219.1
Project("{2150E333-8FDC-42A3-9474-1A3956D46DE8}") = "Services", "Services", "{110F7104-7D0B-4B1C-904D-8F6BBF54C0E3}"
EndProject
Project("{2150E333-8FDC-42A3-9474-1A3956D46DE8}") = "Catalog", "Catalog", "{50FBADFC-3068-4CE4-A066-F358E784A22A}"
EndProject
Project("{9A19103F-16F7-4668-BE54-9A1E7A4F7556}") = "Catalog.Api", "Services\Catalog\Catalog.Api\Catalog.Api.csproj", "{05B6E75B-9D48-4A9B-8709-D4A39D6C7605}"
EndProject
Project("{2150E333-8FDC-42A3-9474-1A3956D46DE8}") = "BuildingBlocks", "BuildingBlocks", "{87226774-EC26-4820-9685-BECA6AFF2224}"
EndProject
Project("{9A19103F-16F7-4668-BE54-9A1E7A4F7556}") = "BuildingBlocks", "BuildingBlocks\BuildingBlocks\BuildingBlocks.csproj", "{EA1F119F-AE43-444D-9709-67A7A7B4F5AF}"
EndProject
Project("{E53339B2-1760-4266-BCC7-CA923CBCF16C}") = "docker-compose", "docker-compose.dcproj", "{D00C97AA-8E25-4495-822D-8F7CD86E26AB}"
EndProject
Project("{2150E333-8FDC-42A3-9474-1A3956D46DE8}") = "Basket", "Basket", "{FC47570B-3379-435E-9406-D65D8A17E0D2}"
EndProject
Project("{9A19103F-16F7-4668-BE54-9A1E7A4F7556}") = "Basket.Api", "Services\Basket\Basket.Api\Basket.Api.csproj", "{CEFBB0D8-847D-49A9-B572-46D7D473DB62}"
EndProject
Project("{2150E333-8FDC-42A3-9474-1A3956D46DE8}") = "Discount", "Discount", "{9F332839-31BF-45CF-AAB9-13AEDF667973}"
EndProject
Project("{FAE04EC0-301F-11D3-BF4B-00C04F79EFBC}") = "Discount.Grpc", "Services\Discount\Discount.Grpc\Discount.Grpc.csproj", "{88ABAC24-196C-4F50-BC9C-3D0C71D1249D}"
EndProject
Global
	GlobalSection(SolutionConfigurationPlatforms) = preSolution
		Debug|Any CPU = Debug|Any CPU
		Release|Any CPU = Release|Any CPU
	EndGlobalSection
	GlobalSection(ProjectConfigurationPlatforms) = postSolution
		{05B6E75B-9D48-4A9B-8709-D4A39D6C7605}.Debug|Any CPU.ActiveCfg = Debug|Any CPU
		{05B6E75B-9D48-4A9B-8709-D4A39D6C7605}.Debug|Any CPU.Build.0 = Debug|Any CPU
		{05B6E75B-9D48-4A9B-8709-D4A39D6C7605}.Release|Any CPU.ActiveCfg = Release|Any CPU
		{05B6E75B-9D48-4A9B-8709-D4A39D6C7605}.Release|Any CPU.Build.0 = Release|Any CPU
		{EA1F119F-AE43-444D-9709-67A7A7B4F5AF}.Debug|Any CPU.ActiveCfg = Debug|Any CPU
		{EA1F119F-AE43-444D-9709-67A7A7B4F5AF}.Debug|Any CPU.Build.0 = Debug|Any CPU
		{EA1F119F-AE43-444D-9709-67A7A7B4F5AF}.Release|Any CPU.ActiveCfg = Release|Any CPU
		{EA1F119F-AE43-444D-9709-67A7A7B4F5AF}.Release|Any CPU.Build.0 = Release|Any CPU
		{D00C97AA-8E25-4495-822D-8F7CD86E26AB}.Debug|Any CPU.ActiveCfg = Debug|Any CPU
		{D00C97AA-8E25-4495-822D-8F7CD86E26AB}.Debug|Any CPU.Build.0 = Debug|Any CPU
		{D00C97AA-8E25-4495-822D-8F7CD86E26AB}.Release|Any CPU.ActiveCfg = Release|Any CPU
		{D00C97AA-8E25-4495-822D-8F7CD86E26AB}.Release|Any CPU.Build.0 = Release|Any CPU
		{CEFBB0D8-847D-49A9-B572-46D7D473DB62}.Debug|Any CPU.ActiveCfg = Debug|Any CPU
		{CEFBB0D8-847D-49A9-B572-46D7D473DB62}.Debug|Any CPU.Build.0 = Debug|Any CPU
		{CEFBB0D8-847D-49A9-B572-46D7D473DB62}.Release|Any CPU.ActiveCfg = Release|Any CPU
		{CEFBB0D8-847D-49A9-B572-46D7D473DB62}.Release|Any CPU.Build.0 = Release|Any CPU
		{88ABAC24-196C-4F50-BC9C-3D0C71D1249D}.Debug|Any CPU.ActiveCfg = Debug|Any CPU
		{88ABAC24-196C-4F50-BC9C-3D0C71D1249D}.Debug|Any CPU.Build.0 = Debug|Any CPU
		{88ABAC24-196C-4F50-BC9C-3D0C71D1249D}.Release|Any CPU.ActiveCfg = Release|Any CPU
		{88ABAC24-196C-4F50-BC9C-3D0C71D1249D}.Release|Any CPU.Build.0 = Release|Any CPU
	EndGlobalSection
	GlobalSection(SolutionProperties) = preSolution
		HideSolutionNode = FALSE
	EndGlobalSection
	GlobalSection(NestedProjects) = preSolution
		{50FBADFC-3068-4CE4-A066-F358E784A22A} = {110F7104-7D0B-4B1C-904D-8F6BBF54C0E3}
		{05B6E75B-9D48-4A9B-8709-D4A39D6C7605} = {50FBADFC-3068-4CE4-A066-F358E784A22A}
		{EA1F119F-AE43-444D-9709-67A7A7B4F5AF} = {87226774-EC26-4820-9685-BECA6AFF2224}
		{FC47570B-3379-435E-9406-D65D8A17E0D2} = {110F7104-7D0B-4B1C-904D-8F6BBF54C0E3}
		{CEFBB0D8-847D-49A9-B572-46D7D473DB62} = {FC47570B-3379-435E-9406-D65D8A17E0D2}
		{9F332839-31BF-45CF-AAB9-13AEDF667973} = {110F7104-7D0B-4B1C-904D-8F6BBF54C0E3}
		{88ABAC24-196C-4F50-BC9C-3D0C71D1249D} = {9F332839-31BF-45CF-AAB9-13AEDF667973}
	EndGlobalSection
	GlobalSection(ExtensibilityGlobals) = postSolution
		SolutionGuid = {38956FBC-0F0F-428C-BDCF-145470DEE567}
	EndGlobalSection
EndGlobal
